// !$*UTF8*$!
{
	archiveVersion = 1;
	classes = {
	};
	objectVersion = 46;
	objects = {

/* Begin PBXBuildFile section */
		1C5F182219E48F2A005802EC /* Launch Screen.xib in Resources */ = {isa = PBXBuildFile; fileRef = 1C5F182119E48F2A005802EC /* Launch Screen.xib */; };
		1C5F182419E48F4E005802EC /* launch screen@2x.png in Resources */ = {isa = PBXBuildFile; fileRef = 1C5F182319E48F4E005802EC /* launch screen@2x.png */; };
		1C9041BB19E2F3B200372919 /* main.m in Sources */ = {isa = PBXBuildFile; fileRef = 1C9041BA19E2F3B200372919 /* main.m */; };
		1C9041BE19E2F3B200372919 /* AppDelegate.m in Sources */ = {isa = PBXBuildFile; fileRef = 1C9041BD19E2F3B200372919 /* AppDelegate.m */; };
		1C9041C119E2F3B200372919 /* ViewController.m in Sources */ = {isa = PBXBuildFile; fileRef = 1C9041C019E2F3B200372919 /* ViewController.m */; };
		1C9041C419E2F3B200372919 /* Main.storyboard in Resources */ = {isa = PBXBuildFile; fileRef = 1C9041C219E2F3B200372919 /* Main.storyboard */; };
		1C9041C619E2F3B200372919 /* Images.xcassets in Resources */ = {isa = PBXBuildFile; fileRef = 1C9041C519E2F3B200372919 /* Images.xcassets */; };
		1C9041D519E2F3B200372919 /* Wideo_RejestratorTests.m in Sources */ = {isa = PBXBuildFile; fileRef = 1C9041D419E2F3B200372919 /* Wideo_RejestratorTests.m */; };
		1C9F025E19E9740E00107AFC /* white line.png in Resources */ = {isa = PBXBuildFile; fileRef = 1C9F025D19E9740E00107AFC /* white line.png */; };
/* End PBXBuildFile section */

/* Begin PBXContainerItemProxy section */
		1C9041CF19E2F3B200372919 /* PBXContainerItemProxy */ = {
			isa = PBXContainerItemProxy;
			containerPortal = 1C9041AD19E2F3B200372919 /* Project object */;
			proxyType = 1;
			remoteGlobalIDString = 1C9041B419E2F3B200372919;
			remoteInfo = "Wideo Rejestrator";
		};
/* End PBXContainerItemProxy section */

/* Begin PBXFileReference section */
		1C5F182119E48F2A005802EC /* Launch Screen.xib */ = {isa = PBXFileReference; fileEncoding = 4; lastKnownFileType = file.xib; path = "Launch Screen.xib"; sourceTree = "<group>"; };
		1C5F182319E48F4E005802EC /* launch screen@2x.png */ = {isa = PBXFileReference; lastKnownFileType = image.png; path = "launch screen@2x.png"; sourceTree = "<group>"; };
		1C9041B519E2F3B200372919 /* Wideo Rejestrator.app */ = {isa = PBXFileReference; explicitFileType = wrapper.application; includeInIndex = 0; path = "Wideo Rejestrator.app"; sourceTree = BUILT_PRODUCTS_DIR; };
		1C9041B919E2F3B200372919 /* Info.plist */ = {isa = PBXFileReference; lastKnownFileType = text.plist.xml; path = Info.plist; sourceTree = "<group>"; };
		1C9041BA19E2F3B200372919 /* main.m */ = {isa = PBXFileReference; lastKnownFileType = sourcecode.c.objc; path = main.m; sourceTree = "<group>"; };
		1C9041BC19E2F3B200372919 /* AppDelegate.h */ = {isa = PBXFileReference; lastKnownFileType = sourcecode.c.h; path = AppDelegate.h; sourceTree = "<group>"; };
		1C9041BD19E2F3B200372919 /* AppDelegate.m */ = {isa = PBXFileReference; lastKnownFileType = sourcecode.c.objc; path = AppDelegate.m; sourceTree = "<group>"; };
		1C9041BF19E2F3B200372919 /* ViewController.h */ = {isa = PBXFileReference; lastKnownFileType = sourcecode.c.h; path = ViewController.h; sourceTree = "<group>"; };
		1C9041C019E2F3B200372919 /* ViewController.m */ = {isa = PBXFileReference; lastKnownFileType = sourcecode.c.objc; path = ViewController.m; sourceTree = "<group>"; };
		1C9041C319E2F3B200372919 /* Base */ = {isa = PBXFileReference; lastKnownFileType = file.storyboard; name = Base; path = Base.lproj/Main.storyboard; sourceTree = "<group>"; };
		1C9041C519E2F3B200372919 /* Images.xcassets */ = {isa = PBXFileReference; lastKnownFileType = folder.assetcatalog; path = Images.xcassets; sourceTree = "<group>"; };
		1C9041CE19E2F3B200372919 /* Wideo RejestratorTests.xctest */ = {isa = PBXFileReference; explicitFileType = wrapper.cfbundle; includeInIndex = 0; path = "Wideo RejestratorTests.xctest"; sourceTree = BUILT_PRODUCTS_DIR; };
		1C9041D319E2F3B200372919 /* Info.plist */ = {isa = PBXFileReference; lastKnownFileType = text.plist.xml; path = Info.plist; sourceTree = "<group>"; };
		1C9041D419E2F3B200372919 /* Wideo_RejestratorTests.m */ = {isa = PBXFileReference; lastKnownFileType = sourcecode.c.objc; path = Wideo_RejestratorTests.m; sourceTree = "<group>"; };
		1C9F025D19E9740E00107AFC /* white line.png */ = {isa = PBXFileReference; lastKnownFileType = image.png; path = "white line.png"; sourceTree = "<group>"; };
/* End PBXFileReference section */

/* Begin PBXFrameworksBuildPhase section */
		1C9041B219E2F3B200372919 /* Frameworks */ = {
			isa = PBXFrameworksBuildPhase;
			buildActionMask = 2147483647;
			files = (
			);
			runOnlyForDeploymentPostprocessing = 0;
		};
		1C9041CB19E2F3B200372919 /* Frameworks */ = {
			isa = PBXFrameworksBuildPhase;
			buildActionMask = 2147483647;
			files = (
			);
			runOnlyForDeploymentPostprocessing = 0;
		};
/* End PBXFrameworksBuildPhase section */

/* Begin PBXGroup section */
		1C9041AC19E2F3B200372919 = {
			isa = PBXGroup;
			children = (
				1C9041B719E2F3B200372919 /* Wideo Rejestrator */,
				1C9041D119E2F3B200372919 /* Wideo RejestratorTests */,
				1C9041B619E2F3B200372919 /* Products */,
			);
			sourceTree = "<group>";
		};
		1C9041B619E2F3B200372919 /* Products */ = {
			isa = PBXGroup;
			children = (
				1C9041B519E2F3B200372919 /* Wideo Rejestrator.app */,
				1C9041CE19E2F3B200372919 /* Wideo RejestratorTests.xctest */,
			);
			name = Products;
			sourceTree = "<group>";
		};
		1C9041B719E2F3B200372919 /* Wideo Rejestrator */ = {
			isa = PBXGroup;
			children = (
				1C9F025D19E9740E00107AFC /* white line.png */,
				1C9041BC19E2F3B200372919 /* AppDelegate.h */,
				1C9041BD19E2F3B200372919 /* AppDelegate.m */,
				1C9041BF19E2F3B200372919 /* ViewController.h */,
				1C9041C019E2F3B200372919 /* ViewController.m */,
				1C9041C219E2F3B200372919 /* Main.storyboard */,
				1C5F182319E48F4E005802EC /* launch screen@2x.png */,
				1C9041C519E2F3B200372919 /* Images.xcassets */,
				1C9041B819E2F3B200372919 /* Supporting Files */,
				1C5F182119E48F2A005802EC /* Launch Screen.xib */,
			);
			path = "Wideo Rejestrator";
			sourceTree = "<group>";
		};
		1C9041B819E2F3B200372919 /* Supporting Files */ = {
			isa = PBXGroup;
			children = (
				1C9041B919E2F3B200372919 /* Info.plist */,
				1C9041BA19E2F3B200372919 /* main.m */,
			);
			name = "Supporting Files";
			sourceTree = "<group>";
		};
		1C9041D119E2F3B200372919 /* Wideo RejestratorTests */ = {
			isa = PBXGroup;
			children = (
				1C9041D419E2F3B200372919 /* Wideo_RejestratorTests.m */,
				1C9041D219E2F3B200372919 /* Supporting Files */,
			);
			path = "Wideo RejestratorTests";
			sourceTree = "<group>";
		};
		1C9041D219E2F3B200372919 /* Supporting Files */ = {
			isa = PBXGroup;
			children = (
				1C9041D319E2F3B200372919 /* Info.plist */,
			);
			name = "Supporting Files";
			sourceTree = "<group>";
		};
/* End PBXGroup section */

/* Begin PBXNativeTarget section */
		1C9041B419E2F3B200372919 /* Wideo Rejestrator */ = {
			isa = PBXNativeTarget;
			buildConfigurationList = 1C9041D819E2F3B200372919 /* Build configuration list for PBXNativeTarget "Wideo Rejestrator" */;
			buildPhases = (
				1C9041B119E2F3B200372919 /* Sources */,
				1C9041B219E2F3B200372919 /* Frameworks */,
				1C9041B319E2F3B200372919 /* Resources */,
			);
			buildRules = (
			);
			dependencies = (
			);
			name = "Wideo Rejestrator";
			productName = "Wideo Rejestrator";
			productReference = 1C9041B519E2F3B200372919 /* Wideo Rejestrator.app */;
			productType = "com.apple.product-type.application";
		};
		1C9041CD19E2F3B200372919 /* Wideo RejestratorTests */ = {
			isa = PBXNativeTarget;
			buildConfigurationList = 1C9041DB19E2F3B200372919 /* Build configuration list for PBXNativeTarget "Wideo RejestratorTests" */;
			buildPhases = (
				1C9041CA19E2F3B200372919 /* Sources */,
				1C9041CB19E2F3B200372919 /* Frameworks */,
				1C9041CC19E2F3B200372919 /* Resources */,
			);
			buildRules = (
			);
			dependencies = (
				1C9041D019E2F3B200372919 /* PBXTargetDependency */,
			);
			name = "Wideo RejestratorTests";
			productName = "Wideo RejestratorTests";
			productReference = 1C9041CE19E2F3B200372919 /* Wideo RejestratorTests.xctest */;
			productType = "com.apple.product-type.bundle.unit-test";
		};
/* End PBXNativeTarget section */

/* Begin PBXProject section */
		1C9041AD19E2F3B200372919 /* Project object */ = {
			isa = PBXProject;
			attributes = {
				LastUpgradeCheck = 0600;
				ORGANIZATIONNAME = "Michał Czwarnowski";
				TargetAttributes = {
					1C9041B419E2F3B200372919 = {
						CreatedOnToolsVersion = 6.0.1;
						DevelopmentTeam = FJ77D2H6RU;
					};
					1C9041CD19E2F3B200372919 = {
						CreatedOnToolsVersion = 6.0.1;
						TestTargetID = 1C9041B419E2F3B200372919;
					};
				};
			};
			buildConfigurationList = 1C9041B019E2F3B200372919 /* Build configuration list for PBXProject "Wideo Rejestrator" */;
			compatibilityVersion = "Xcode 3.2";
			developmentRegion = English;
			hasScannedForEncodings = 0;
			knownRegions = (
				en,
				Base,
			);
			mainGroup = 1C9041AC19E2F3B200372919;
			productRefGroup = 1C9041B619E2F3B200372919 /* Products */;
			projectDirPath = "";
			projectRoot = "";
			targets = (
				1C9041B419E2F3B200372919 /* Wideo Rejestrator */,
				1C9041CD19E2F3B200372919 /* Wideo RejestratorTests */,
			);
		};
/* End PBXProject section */

/* Begin PBXResourcesBuildPhase section */
		1C9041B319E2F3B200372919 /* Resources */ = {
			isa = PBXResourcesBuildPhase;
			buildActionMask = 2147483647;
			files = (
				1C9F025E19E9740E00107AFC /* white line.png in Resources */,
				1C5F182419E48F4E005802EC /* launch screen@2x.png in Resources */,
				1C9041C419E2F3B200372919 /* Main.storyboard in Resources */,
				1C9041C619E2F3B200372919 /* Images.xcassets in Resources */,
				1C5F182219E48F2A005802EC /* Launch Screen.xib in Resources */,
			);
			runOnlyForDeploymentPostprocessing = 0;
		};
		1C9041CC19E2F3B200372919 /* Resources */ = {
			isa = PBXResourcesBuildPhase;
			buildActionMask = 2147483647;
			files = (
			);
			runOnlyForDeploymentPostprocessing = 0;
		};
/* End PBXResourcesBuildPhase section */

/* Begin PBXSourcesBuildPhase section */
		1C9041B119E2F3B200372919 /* Sources */ = {
			isa = PBXSourcesBuildPhase;
			buildActionMask = 2147483647;
			files = (
				1C9041C119E2F3B200372919 /* ViewController.m in Sources */,
				1C9041BE19E2F3B200372919 /* AppDelegate.m in Sources */,
				1C9041BB19E2F3B200372919 /* main.m in Sources */,
			);
			runOnlyForDeploymentPostprocessing = 0;
		};
		1C9041CA19E2F3B200372919 /* Sources */ = {
			isa = PBXSourcesBuildPhase;
			buildActionMask = 2147483647;
			files = (
				1C9041D519E2F3B200372919 /* Wideo_RejestratorTests.m in Sources */,
			);
			runOnlyForDeploymentPostprocessing = 0;
		};
/* End PBXSourcesBuildPhase section */

/* Begin PBXTargetDependency section */
		1C9041D019E2F3B200372919 /* PBXTargetDependency */ = {
			isa = PBXTargetDependency;
			target = 1C9041B419E2F3B200372919 /* Wideo Rejestrator */;
			targetProxy = 1C9041CF19E2F3B200372919 /* PBXContainerItemProxy */;
		};
/* End PBXTargetDependency section */

/* Begin PBXVariantGroup section */
		1C9041C219E2F3B200372919 /* Main.storyboard */ = {
			isa = PBXVariantGroup;
			children = (
				1C9041C319E2F3B200372919 /* Base */,
			);
			name = Main.storyboard;
			sourceTree = "<group>";
		};
/* End PBXVariantGroup section */

/* Begin XCBuildConfiguration section */
		1C9041D619E2F3B200372919 /* Debug */ = {
			isa = XCBuildConfiguration;
			buildSettings = {
				ALWAYS_SEARCH_USER_PATHS = NO;
				CLANG_CXX_LANGUAGE_STANDARD = "gnu++0x";
				CLANG_CXX_LIBRARY = "libc++";
				CLANG_ENABLE_MODULES = YES;
				CLANG_ENABLE_OBJC_ARC = YES;
				CLANG_WARN_BOOL_CONVERSION = YES;
				CLANG_WARN_CONSTANT_CONVERSION = YES;
				CLANG_WARN_DIRECT_OBJC_ISA_USAGE = YES_ERROR;
				CLANG_WARN_EMPTY_BODY = YES;
				CLANG_WARN_ENUM_CONVERSION = YES;
				CLANG_WARN_INT_CONVERSION = YES;
				CLANG_WARN_OBJC_ROOT_CLASS = YES_ERROR;
				CLANG_WARN_UNREACHABLE_CODE = YES;
				CLANG_WARN__DUPLICATE_METHOD_MATCH = YES;
				CODE_SIGN_IDENTITY = "iPhone Developer: Michał Czwarnowski (664TP5H84J)";
				"CODE_SIGN_IDENTITY[sdk=iphoneos*]" = "iPhone Developer: Michał Czwarnowski (664TP5H84J)";
				COPY_PHASE_STRIP = NO;
				ENABLE_STRICT_OBJC_MSGSEND = YES;
				GCC_C_LANGUAGE_STANDARD = gnu99;
				GCC_DYNAMIC_NO_PIC = NO;
				GCC_OPTIMIZATION_LEVEL = 0;
				GCC_PREPROCESSOR_DEFINITIONS = (
					"DEBUG=1",
					"$(inherited)",
				);
				GCC_SYMBOLS_PRIVATE_EXTERN = NO;
				GCC_WARN_64_TO_32_BIT_CONVERSION = YES;
				GCC_WARN_ABOUT_RETURN_TYPE = YES_ERROR;
				GCC_WARN_UNDECLARED_SELECTOR = YES;
				GCC_WARN_UNINITIALIZED_AUTOS = YES_AGGRESSIVE;
				GCC_WARN_UNUSED_FUNCTION = YES;
				GCC_WARN_UNUSED_VARIABLE = YES;
				IPHONEOS_DEPLOYMENT_TARGET = 8.0;
				MTL_ENABLE_DEBUG_INFO = YES;
				ONLY_ACTIVE_ARCH = YES;
				PROVISIONING_PROFILE = "49f27aa3-6d12-4e5b-a9a8-c80b88ba4dfb";
				SDKROOT = iphoneos;
			};
			name = Debug;
		};
		1C9041D719E2F3B200372919 /* Release */ = {
			isa = XCBuildConfiguration;
			buildSettings = {
				ALWAYS_SEARCH_USER_PATHS = NO;
				CLANG_CXX_LANGUAGE_STANDARD = "gnu++0x";
				CLANG_CXX_LIBRARY = "libc++";
				CLANG_ENABLE_MODULES = YES;
				CLANG_ENABLE_OBJC_ARC = YES;
				CLANG_WARN_BOOL_CONVERSION = YES;
				CLANG_WARN_CONSTANT_CONVERSION = YES;
				CLANG_WARN_DIRECT_OBJC_ISA_USAGE = YES_ERROR;
				CLANG_WARN_EMPTY_BODY = YES;
				CLANG_WARN_ENUM_CONVERSION = YES;
				CLANG_WARN_INT_CONVERSION = YES;
				CLANG_WARN_OBJC_ROOT_CLASS = YES_ERROR;
				CLANG_WARN_UNREACHABLE_CODE = YES;
				CLANG_WARN__DUPLICATE_METHOD_MATCH = YES;
				CODE_SIGN_IDENTITY = "iPhone Developer: Michał Czwarnowski (664TP5H84J)";
				"CODE_SIGN_IDENTITY[sdk=iphoneos*]" = "iPhone Developer: Michał Czwarnowski (664TP5H84J)";
				COPY_PHASE_STRIP = YES;
				ENABLE_NS_ASSERTIONS = NO;
				ENABLE_STRICT_OBJC_MSGSEND = YES;
				GCC_C_LANGUAGE_STANDARD = gnu99;
				GCC_WARN_64_TO_32_BIT_CONVERSION = YES;
				GCC_WARN_ABOUT_RETURN_TYPE = YES_ERROR;
				GCC_WARN_UNDECLARED_SELECTOR = YES;
				GCC_WARN_UNINITIALIZED_AUTOS = YES_AGGRESSIVE;
				GCC_WARN_UNUSED_FUNCTION = YES;
				GCC_WARN_UNUSED_VARIABLE = YES;
				IPHONEOS_DEPLOYMENT_TARGET = 8.0;
				MTL_ENABLE_DEBUG_INFO = NO;
				PROVISIONING_PROFILE = "49f27aa3-6d12-4e5b-a9a8-c80b88ba4dfb";
				SDKROOT = iphoneos;
				VALIDATE_PRODUCT = YES;
			};
			name = Release;
		};
		1C9041D919E2F3B200372919 /* Debug */ = {
			isa = XCBuildConfiguration;
			buildSettings = {
				ASSETCATALOG_COMPILER_APPICON_NAME = AppIcon;
				CODE_SIGN_IDENTITY = "iPhone Developer";
				"CODE_SIGN_IDENTITY[sdk=iphoneos*]" = "iPhone Developer";
				INFOPLIST_FILE = "Wideo Rejestrator/Info.plist";
				LD_RUNPATH_SEARCH_PATHS = "$(inherited) @executable_path/Frameworks";
				PRODUCT_NAME = "$(TARGET_NAME)";
				PROVISIONING_PROFILE = "";
			};
			name = Debug;
		};
		1C9041DA19E2F3B200372919 /* Release */ = {
			isa = XCBuildConfiguration;
			buildSettings = {
				ASSETCATALOG_COMPILER_APPICON_NAME = AppIcon;
				CODE_SIGN_IDENTITY = "iPhone Developer";
				"CODE_SIGN_IDENTITY[sdk=iphoneos*]" = "iPhone Developer";
				INFOPLIST_FILE = "Wideo Rejestrator/Info.plist";
				LD_RUNPATH_SEARCH_PATHS = "$(inherited) @executable_path/Frameworks";
				PRODUCT_NAME = "$(TARGET_NAME)";
				PROVISIONING_PROFILE = "";
			};
			name = Release;
		};
		1C9041DC19E2F3B200372919 /* Debug */ = {
			isa = XCBuildConfiguration;
			buildSettings = {
				BUNDLE_LOADER = "$(TEST_HOST)";
				FRAMEWORK_SEARCH_PATHS = (
					"$(SDKROOT)/Developer/Library/Frameworks",
					"$(inherited)",
				);
				GCC_PREPROCESSOR_DEFINITIONS = (
					"DEBUG=1",
					"$(inherited)",
				);
				INFOPLIST_FILE = "Wideo RejestratorTests/Info.plist";
				LD_RUNPATH_SEARCH_PATHS = "$(inherited) @executable_path/Frameworks @loader_path/Frameworks";
				PRODUCT_NAME = "$(TARGET_NAME)";
				TEST_HOST = "$(BUILT_PRODUCTS_DIR)/Wideo Rejestrator.app/Wideo Rejestrator";
			};
			name = Debug;
		};
		1C9041DD19E2F3B200372919 /* Release */ = {
			isa = XCBuildConfiguration;
			buildSettings = {
				BUNDLE_LOADER = "$(TEST_HOST)";
				FRAMEWORK_SEARCH_PATHS = (
					"$(SDKROOT)/Developer/Library/Frameworks",
					"$(inherited)",
				);
				INFOPLIST_FILE = "Wideo RejestratorTests/Info.plist";
				LD_RUNPATH_SEARCH_PATHS = "$(inherited) @executable_path/Frameworks @loader_path/Frameworks";
				PRODUCT_NAME = "$(TARGET_NAME)";
				TEST_HOST = "$(BUILT_PRODUCTS_DIR)/Wideo Rejestrator.app/Wideo Rejestrator";
			};
			name = Release;
		};
/* End XCBuildConfiguration section */

/* Begin XCConfigurationList section */
		1C9041B019E2F3B200372919 /* Build configuration list for PBXProject "Wideo Rejestrator" */ = {
			isa = XCConfigurationList;
			buildConfigurations = (
				1C9041D619E2F3B200372919 /* Debug */,
				1C9041D719E2F3B200372919 /* Release */,
			);
			defaultConfigurationIsVisible = 0;
			defaultConfigurationName = Release;
		};
		1C9041D819E2F3B200372919 /* Build configuration list for PBXNativeTarget "Wideo Rejestrator" */ = {
			isa = XCConfigurationList;
			buildConfigurations = (
				1C9041D919E2F3B200372919 /* Debug */,
				1C9041DA19E2F3B200372919 /* Release */,
			);
			defaultConfigurationIsVisible = 0;
			defaultConfigurationName = Release;
		};
		1C9041DB19E2F3B200372919 /* Build configuration list for PBXNativeTarget "Wideo RejestratorTests" */ = {
			isa = XCConfigurationList;
			buildConfigurations = (
				1C9041DC19E2F3B200372919 /* Debug */,
				1C9041DD19E2F3B200372919 /* Release */,
			);
			defaultConfigurationIsVisible = 0;
			defaultConfigurationName = Release;
		};
/* End XCConfigurationList section */
	};
	rootObject = 1C9041AD19E2F3B200372919 /* Project object */;
}
